<?xml version="1.0" encoding="utf-8"?>
<Project ToolsVersion="4.0" xmlns="http://schemas.microsoft.com/developer/msbuild/2003">
  <ItemGroup>
    <Filter Include="Common">
      <UniqueIdentifier>ff6de624-bf42-4215-9dc8-a9af83dacbbc</UniqueIdentifier>
    </Filter>
    <Filter Include="Assets">
      <UniqueIdentifier>93f4fb95-e15a-443d-98c1-962a760d0013</UniqueIdentifier>
      <Extensions>bmp;fbx;gif;jpg;jpeg;tga;tiff;tif;png</Extensions>
    </Filter>
    <Filter Include="Content">
      <UniqueIdentifier>9496b8e0-59dd-49a3-8199-533f08252304</UniqueIdentifier>
    </Filter>
    <Filter Include="Content\Shaders">
      <UniqueIdentifier>3c7bf924-ef67-4f32-980d-5dd82711c06a</UniqueIdentifier>
    </Filter>
    <ClInclude Include="Common\DirectXHelper.h">
      <Filter>Common</Filter>
    </ClInclude>
    <ClInclude Include="Common\StepTimer.h">
      <Filter>Common</Filter>
    </ClInclude>
    <ClInclude Include="Common\DeviceResources.h">
      <Filter>Common</Filter>
    </ClInclude>
    <ClCompile Include="Common\DeviceResources.cpp">
      <Filter>Common</Filter>
    </ClCompile>
    <ClInclude Include="Common\CameraResources.h">
      <Filter>Common</Filter>
    </ClInclude>
    <ClCompile Include="Common\CameraResources.cpp">
      <Filter>Common</Filter>
    </ClCompile>
    <Image Include="Assets\LockScreenLogo.scale-200.png">
      <Filter>Assets</Filter>
    </Image>
    <Image Include="Assets\SplashScreen.scale-200.png">
      <Filter>Assets</Filter>
    </Image>
    <Image Include="Assets\Square150x150Logo.scale-200.png">
      <Filter>Assets</Filter>
    </Image>
    <Image Include="Assets\Square44x44Logo.scale-200.png">
      <Filter>Assets</Filter>
    </Image>
    <Image Include="Assets\Square44x44Logo.targetsize-24_altform-unplated.png">
      <Filter>Assets</Filter>
    </Image>
    <Image Include="Assets\StoreLogo.png">
      <Filter>Assets</Filter>
    </Image>
    <Image Include="Assets\Wide310x150Logo.scale-200.png">
      <Filter>Assets</Filter>
    </Image>
    <Filter Include="Content\Data">
      <UniqueIdentifier>{139b483e-7a8f-44ad-8539-45f8f9c83120}</UniqueIdentifier>
    </Filter>
  </ItemGroup>
  <ItemGroup>
    <ClCompile Include="pch.cpp" />
    <ClCompile Include="AppView.cpp" />
    <ClCompile Include="Content\SpatialInputHandler.cpp">
      <Filter>Content</Filter>
    </ClCompile>
    <ClCompile Include="Content\SpinningCubeRenderer.cpp">
      <Filter>Content</Filter>
    </ClCompile>
    <ClCompile Include="BoneVizMain.cpp" />
    <ClCompile Include="Common\mathlib.cpp">
      <Filter>Common</Filter>
    </ClCompile>
    <ClCompile Include="Common\SurfaceObject.cpp">
      <Filter>Common</Filter>
    </ClCompile>
    <ClCompile Include="Common\surfProcessing.cpp">
      <Filter>Common</Filter>
    </ClCompile>
    <ClCompile Include="Common\prime.c">
      <Filter>Common</Filter>
    </ClCompile>
    <ClCompile Include="Common\set.c">
      <Filter>Common</Filter>
    </ClCompile>
  </ItemGroup>
  <ItemGroup>
    <ClInclude Include="pch.h" />
    <ClInclude Include="AppView.h" />
    <ClInclude Include="Content\SpatialInputHandler.h">
      <Filter>Content</Filter>
    </ClInclude>
    <ClInclude Include="Content\SpinningCubeRenderer.h">
      <Filter>Content</Filter>
    </ClInclude>
    <ClInclude Include="Content\ShaderStructures.h">
      <Filter>Content</Filter>
    </ClInclude>
    <ClInclude Include="BoneVizMain.h" />
    <ClInclude Include="Common\mathlib.h">
      <Filter>Common</Filter>
    </ClInclude>
    <ClInclude Include="Common\set.h">
      <Filter>Common</Filter>
    </ClInclude>
    <ClInclude Include="Common\SurfaceObject.h">
      <Filter>Common</Filter>
    </ClInclude>
    <ClInclude Include="Common\surfProcessing.h">
      <Filter>Common</Filter>
    </ClInclude>
    <ClInclude Include="Common\defs.h">
      <Filter>Common</Filter>
    </ClInclude>
    <ClInclude Include="Common\prime.h">
      <Filter>Common</Filter>
    </ClInclude>
  </ItemGroup>
  <ItemGroup>
    <FxCompile Include="Content\VertexShader.hlsl">
      <Filter>Content\Shaders</Filter>
    </FxCompile>
    <FxCompile Include="Content\GeometryShader.hlsl">
      <Filter>Content\Shaders</Filter>
    </FxCompile>
    <FxCompile Include="Content\PixelShader.hlsl">
      <Filter>Content\Shaders</Filter>
    </FxCompile>
    <FxCompile Include="Content\VPRTVertexShader.hlsl">
      <Filter>Content\Shaders</Filter>
    </FxCompile>
  </ItemGroup>
  <ItemGroup>
    <AppxManifest Include="Package.appxmanifest" />
  </ItemGroup>
  <ItemGroup>
    <None Include="BoneViz_TemporaryKey.pfx" />
    <None Include="Content\data1.SURF">
      <Filter>Content\Data</Filter>
    </None>
    <None Include="Content\data2.SURF">
      <Filter>Content\Data</Filter>
    </None>
    <None Include="Content\data3.SURF">
      <Filter>Content\Data</Filter>
    </None>
    <None Include="Content\Orig.SURF">
      <Filter>Content\Data</Filter>
    </None>
  </ItemGroup>
</Project>